{
  "requires": true,
  "lockfileVersion": 1,
  "dependencies": {
    "javascript-time-ago": {
      "version": "1.0.31",
      "resolved": "https://registry.npmjs.org/javascript-time-ago/-/javascript-time-ago-1.0.31.tgz",
      "integrity": "sha512-sgvSiGVSqWvK82IKcpgXXTCLHHBFkeptlLLj5vLTlXtuD5B2cqELPM9dN/88pmh3VJYi5otzisVcoiCSJnnorw=="
    }
  }
}
